
Microsoft Visual Studio Solution File, Format Version 12.00
# Visual Studio Version 17
VisualStudioVersion = 17.0.31808.319
MinimumVisualStudioVersion = 10.0.40219.1
Project("{FAE04EC0-301F-11D3-BF4B-00C04F79EFBC}") = "GitHubTests", "GitHubTests\GitHubTests.csproj", "{985EC59F-B0BF-4B02-8014-390D9AF8F01A}"
EndProject
Project("{2150E333-8FDC-42A3-9474-1A3956D46DE8}") = "Solution Items", "Solution Items", "{391EDE74-1907-4D37-A141-35CE47ADBD0F}"
	ProjectSection(SolutionItems) = preProject
		.editorconfig = .editorconfig
	EndProjectSection
EndProject
Global
	GlobalSection(SolutionConfigurationPlatforms) = preSolution
		Debug|Any CPU = Debug|Any CPU
		Release|Any CPU = Release|Any CPU
	EndGlobalSection
	GlobalSection(ProjectConfigurationPlatforms) = postSolution
		{985EC59F-B0BF-4B02-8014-390D9AF8F01A}.Debug|Any CPU.ActiveCfg = Debug|Any CPU
		{985EC59F-B0BF-4B02-8014-390D9AF8F01A}.Debug|Any CPU.Build.0 = Debug|Any CPU
		{985EC59F-B0BF-4B02-8014-390D9AF8F01A}.Release|Any CPU.ActiveCfg = Release|Any CPU
		{985EC59F-B0BF-4B02-8014-390D9AF8F01A}.Release|Any CPU.Build.0 = Release|Any CPU
	EndGlobalSection
	GlobalSection(SolutionProperties) = preSolution
		HideSolutionNode = FALSE
	EndGlobalSection
	GlobalSection(ExtensibilityGlobals) = postSolution
		SolutionGuid = {04E946D3-3E6F-4343-A2D9-018343CEA8BE}
	EndGlobalSection
EndGlobal
